
Microsoft Visual Studio Solution File, Format Version 12.00
# Visual Studio 15
Project("{FAE04EC0-301F-11D3-BF4B-00C04F79EFBC}") = "simpleWeatherApp.Android", "simpleWeatherApp.Android\simpleWeatherApp.Android.csproj", "{3994C5D2-468D-4599-9502-067D3C46ADDA}"
EndProject
Project("{FAE04EC0-301F-11D3-BF4B-00C04F79EFBC}") = "simpleWeatherApp.iOS", "simpleWeatherApp.iOS\simpleWeatherApp.iOS.csproj", "{215005B2-8E35-4AE1-86D4-2E344AA68C4A}"
EndProject
Project("{FAE04EC0-301F-11D3-BF4B-00C04F79EFBC}") = "simpleWeatherApp", "simpleWeatherApp\simpleWeatherApp.csproj", "{06B2D050-F9FF-4831-9050-C39DC4B3756B}"
EndProject
Global
	GlobalSection(SolutionConfigurationPlatforms) = preSolution
		Debug|Any CPU = Debug|Any CPU
		Release|Any CPU = Release|Any CPU
		Debug|iPhoneSimulator = Debug|iPhoneSimulator
		Release|iPhoneSimulator = Release|iPhoneSimulator
		Debug|iPhone = Debug|iPhone
		Release|iPhone = Release|iPhone
	EndGlobalSection
	GlobalSection(ProjectConfigurationPlatforms) = postSolution
		{3994C5D2-468D-4599-9502-067D3C46ADDA}.Debug|Any CPU.ActiveCfg = Debug|Any CPU
		{3994C5D2-468D-4599-9502-067D3C46ADDA}.Debug|Any CPU.Build.0 = Debug|Any CPU
		{3994C5D2-468D-4599-9502-067D3C46ADDA}.Release|Any CPU.ActiveCfg = Release|Any CPU
		{3994C5D2-468D-4599-9502-067D3C46ADDA}.Release|Any CPU.Build.0 = Release|Any CPU
		{3994C5D2-468D-4599-9502-067D3C46ADDA}.Debug|iPhoneSimulator.ActiveCfg = Debug|Any CPU
		{3994C5D2-468D-4599-9502-067D3C46ADDA}.Debug|iPhoneSimulator.Build.0 = Debug|Any CPU
		{3994C5D2-468D-4599-9502-067D3C46ADDA}.Release|iPhoneSimulator.ActiveCfg = Release|Any CPU
		{3994C5D2-468D-4599-9502-067D3C46ADDA}.Release|iPhoneSimulator.Build.0 = Release|Any CPU
		{3994C5D2-468D-4599-9502-067D3C46ADDA}.Debug|iPhone.ActiveCfg = Debug|Any CPU
		{3994C5D2-468D-4599-9502-067D3C46ADDA}.Debug|iPhone.Build.0 = Debug|Any CPU
		{3994C5D2-468D-4599-9502-067D3C46ADDA}.Release|iPhone.ActiveCfg = Release|Any CPU
		{3994C5D2-468D-4599-9502-067D3C46ADDA}.Release|iPhone.Build.0 = Release|Any CPU
		{215005B2-8E35-4AE1-86D4-2E344AA68C4A}.Debug|Any CPU.ActiveCfg = Debug|iPhoneSimulator
		{215005B2-8E35-4AE1-86D4-2E344AA68C4A}.Debug|Any CPU.Build.0 = Debug|iPhoneSimulator
		{215005B2-8E35-4AE1-86D4-2E344AA68C4A}.Release|Any CPU.ActiveCfg = Release|iPhoneSimulator
		{215005B2-8E35-4AE1-86D4-2E344AA68C4A}.Release|Any CPU.Build.0 = Release|iPhoneSimulator
		{215005B2-8E35-4AE1-86D4-2E344AA68C4A}.Debug|iPhoneSimulator.ActiveCfg = Debug|iPhoneSimulator
		{215005B2-8E35-4AE1-86D4-2E344AA68C4A}.Debug|iPhoneSimulator.Build.0 = Debug|iPhoneSimulator
		{215005B2-8E35-4AE1-86D4-2E344AA68C4A}.Release|iPhoneSimulator.ActiveCfg = Release|iPhoneSimulator
		{215005B2-8E35-4AE1-86D4-2E344AA68C4A}.Release|iPhoneSimulator.Build.0 = Release|iPhoneSimulator
		{215005B2-8E35-4AE1-86D4-2E344AA68C4A}.Debug|iPhone.ActiveCfg = Debug|iPhone
		{215005B2-8E35-4AE1-86D4-2E344AA68C4A}.Debug|iPhone.Build.0 = Debug|iPhone
		{215005B2-8E35-4AE1-86D4-2E344AA68C4A}.Release|iPhone.ActiveCfg = Release|iPhone
		{215005B2-8E35-4AE1-86D4-2E344AA68C4A}.Release|iPhone.Build.0 = Release|iPhone
		{06B2D050-F9FF-4831-9050-C39DC4B3756B}.Debug|Any CPU.ActiveCfg = Debug|Any CPU
		{06B2D050-F9FF-4831-9050-C39DC4B3756B}.Debug|Any CPU.Build.0 = Debug|Any CPU
		{06B2D050-F9FF-4831-9050-C39DC4B3756B}.Release|Any CPU.ActiveCfg = Release|Any CPU
		{06B2D050-F9FF-4831-9050-C39DC4B3756B}.Release|Any CPU.Build.0 = Release|Any CPU
		{06B2D050-F9FF-4831-9050-C39DC4B3756B}.Debug|iPhoneSimulator.ActiveCfg = Debug|Any CPU
		{06B2D050-F9FF-4831-9050-C39DC4B3756B}.Debug|iPhoneSimulator.Build.0 = Debug|Any CPU
		{06B2D050-F9FF-4831-9050-C39DC4B3756B}.Release|iPhoneSimulator.ActiveCfg = Release|Any CPU
		{06B2D050-F9FF-4831-9050-C39DC4B3756B}.Release|iPhoneSimulator.Build.0 = Release|Any CPU
		{06B2D050-F9FF-4831-9050-C39DC4B3756B}.Debug|iPhone.ActiveCfg = Debug|Any CPU
		{06B2D050-F9FF-4831-9050-C39DC4B3756B}.Debug|iPhone.Build.0 = Debug|Any CPU
		{06B2D050-F9FF-4831-9050-C39DC4B3756B}.Release|iPhone.ActiveCfg = Release|Any CPU
		{06B2D050-F9FF-4831-9050-C39DC4B3756B}.Release|iPhone.Build.0 = Release|Any CPU
	EndGlobalSection
EndGlobal
